
Microsoft Visual Studio Solution File, Format Version 12.00
# Visual Studio Version 17
VisualStudioVersion = 17.14.36221.1
MinimumVisualStudioVersion = 10.0.40219.1
Project("{FAE04EC0-301F-11D3-BF4B-00C04F79EFBC}") = "ExpenseManager.API", "ExpenceManager\ExpenseManager.API.csproj", "{6496EE60-087C-4021-A245-3B33D5DA9811}"
EndProject
Project("{2150E333-8FDC-42A3-9474-1A3956D46DE8}") = "src", "src", "{02EA681E-C7D8-13C7-8484-4AC65E1B71E8}"
EndProject
Project("{2150E333-8FDC-42A3-9474-1A3956D46DE8}") = "Presentation Layer", "Presentation Layer", "{6FFC617A-B511-440C-81F9-727241DCA54E}"
EndProject
Project("{2150E333-8FDC-42A3-9474-1A3956D46DE8}") = "Application Layer", "Application Layer", "{12EBE25D-57A5-4F19-8A82-009BE9362658}"
EndProject
Project("{FAE04EC0-301F-11D3-BF4B-00C04F79EFBC}") = "ExpenseManager.Command.Abstraction", "ExpenceManager.Command.Abstraction\ExpenseManager.Command.Abstraction.csproj", "{116B4AEE-C025-43CE-9473-7EB0C2835BF5}"
EndProject
Project("{2150E333-8FDC-42A3-9474-1A3956D46DE8}") = "Insfrastructure Layer", "Insfrastructure Layer", "{D870B1E0-4FEB-4B68-B8D2-BDD312F3AB10}"
EndProject
Project("{FAE04EC0-301F-11D3-BF4B-00C04F79EFBC}") = "ExpenseManager.Persistance", "ExpenceManager.Persistance\ExpenseManager.Persistance.csproj", "{66A5B15E-73F9-4AED-9199-49061A347491}"
EndProject
Project("{FAE04EC0-301F-11D3-BF4B-00C04F79EFBC}") = "ExpenseManager.Persistance.Migrations", "ExpenceManager.Persistance.Migrations\ExpenseManager.Persistance.Migrations.csproj", "{B7A956CF-21A3-46E8-AEA2-BFFDC77D6EB9}"
EndProject
Project("{FAE04EC0-301F-11D3-BF4B-00C04F79EFBC}") = "ExpenseManager.Command", "ExpenceManager.Command\ExpenseManager.Command.csproj", "{442B0332-C2D5-46CD-9BBC-251458C97559}"
EndProject
Project("{FAE04EC0-301F-11D3-BF4B-00C04F79EFBC}") = "ExpenseManager.Query", "ExpenceManager.Query\ExpenseManager.Query.csproj", "{DF9AB6EF-4D45-43B9-9BEC-0CE142BD72C2}"
EndProject
Project("{FAE04EC0-301F-11D3-BF4B-00C04F79EFBC}") = "ExpenseManager.Query.Abstraction", "ExpenceManager.Query.Abstraction\ExpenseManager.Query.Abstraction.csproj", "{0D6F4063-B680-42DA-8640-245AE0202CE5}"
EndProject
Project("{FAE04EC0-301F-11D3-BF4B-00C04F79EFBC}") = "ExpenseManager.Job", "ExpenceManager.Job\ExpenseManager.Job.csproj", "{8CDD52CF-ED58-40F8-A894-F8801E4210D8}"
EndProject
Project("{2150E333-8FDC-42A3-9474-1A3956D46DE8}") = "Domain Layer", "Domain Layer", "{90D309FA-CB94-4DFB-8A89-6362969E67E3}"
EndProject
Project("{FAE04EC0-301F-11D3-BF4B-00C04F79EFBC}") = "ExpenseManager.Domain", "ExpenceManager.Domain\ExpenseManager.Domain.csproj", "{81C0C5ED-8CB5-4154-802C-EC2EDC40830A}"
EndProject
Global
	GlobalSection(SolutionConfigurationPlatforms) = preSolution
		Debug|Any CPU = Debug|Any CPU
		Release|Any CPU = Release|Any CPU
	EndGlobalSection
	GlobalSection(ProjectConfigurationPlatforms) = postSolution
		{6496EE60-087C-4021-A245-3B33D5DA9811}.Debug|Any CPU.ActiveCfg = Debug|Any CPU
		{6496EE60-087C-4021-A245-3B33D5DA9811}.Debug|Any CPU.Build.0 = Debug|Any CPU
		{6496EE60-087C-4021-A245-3B33D5DA9811}.Release|Any CPU.ActiveCfg = Release|Any CPU
		{6496EE60-087C-4021-A245-3B33D5DA9811}.Release|Any CPU.Build.0 = Release|Any CPU
		{116B4AEE-C025-43CE-9473-7EB0C2835BF5}.Debug|Any CPU.ActiveCfg = Debug|Any CPU
		{116B4AEE-C025-43CE-9473-7EB0C2835BF5}.Debug|Any CPU.Build.0 = Debug|Any CPU
		{116B4AEE-C025-43CE-9473-7EB0C2835BF5}.Release|Any CPU.ActiveCfg = Release|Any CPU
		{116B4AEE-C025-43CE-9473-7EB0C2835BF5}.Release|Any CPU.Build.0 = Release|Any CPU
		{66A5B15E-73F9-4AED-9199-49061A347491}.Debug|Any CPU.ActiveCfg = Debug|Any CPU
		{66A5B15E-73F9-4AED-9199-49061A347491}.Debug|Any CPU.Build.0 = Debug|Any CPU
		{66A5B15E-73F9-4AED-9199-49061A347491}.Release|Any CPU.ActiveCfg = Release|Any CPU
		{66A5B15E-73F9-4AED-9199-49061A347491}.Release|Any CPU.Build.0 = Release|Any CPU
		{B7A956CF-21A3-46E8-AEA2-BFFDC77D6EB9}.Debug|Any CPU.ActiveCfg = Debug|Any CPU
		{B7A956CF-21A3-46E8-AEA2-BFFDC77D6EB9}.Debug|Any CPU.Build.0 = Debug|Any CPU
		{B7A956CF-21A3-46E8-AEA2-BFFDC77D6EB9}.Release|Any CPU.ActiveCfg = Release|Any CPU
		{B7A956CF-21A3-46E8-AEA2-BFFDC77D6EB9}.Release|Any CPU.Build.0 = Release|Any CPU
		{442B0332-C2D5-46CD-9BBC-251458C97559}.Debug|Any CPU.ActiveCfg = Debug|Any CPU
		{442B0332-C2D5-46CD-9BBC-251458C97559}.Debug|Any CPU.Build.0 = Debug|Any CPU
		{442B0332-C2D5-46CD-9BBC-251458C97559}.Release|Any CPU.ActiveCfg = Release|Any CPU
		{442B0332-C2D5-46CD-9BBC-251458C97559}.Release|Any CPU.Build.0 = Release|Any CPU
		{DF9AB6EF-4D45-43B9-9BEC-0CE142BD72C2}.Debug|Any CPU.ActiveCfg = Debug|Any CPU
		{DF9AB6EF-4D45-43B9-9BEC-0CE142BD72C2}.Debug|Any CPU.Build.0 = Debug|Any CPU
		{DF9AB6EF-4D45-43B9-9BEC-0CE142BD72C2}.Release|Any CPU.ActiveCfg = Release|Any CPU
		{DF9AB6EF-4D45-43B9-9BEC-0CE142BD72C2}.Release|Any CPU.Build.0 = Release|Any CPU
		{0D6F4063-B680-42DA-8640-245AE0202CE5}.Debug|Any CPU.ActiveCfg = Debug|Any CPU
		{0D6F4063-B680-42DA-8640-245AE0202CE5}.Debug|Any CPU.Build.0 = Debug|Any CPU
		{0D6F4063-B680-42DA-8640-245AE0202CE5}.Release|Any CPU.ActiveCfg = Release|Any CPU
		{0D6F4063-B680-42DA-8640-245AE0202CE5}.Release|Any CPU.Build.0 = Release|Any CPU
		{8CDD52CF-ED58-40F8-A894-F8801E4210D8}.Debug|Any CPU.ActiveCfg = Debug|Any CPU
		{8CDD52CF-ED58-40F8-A894-F8801E4210D8}.Debug|Any CPU.Build.0 = Debug|Any CPU
		{8CDD52CF-ED58-40F8-A894-F8801E4210D8}.Release|Any CPU.ActiveCfg = Release|Any CPU
		{8CDD52CF-ED58-40F8-A894-F8801E4210D8}.Release|Any CPU.Build.0 = Release|Any CPU
		{81C0C5ED-8CB5-4154-802C-EC2EDC40830A}.Debug|Any CPU.ActiveCfg = Debug|Any CPU
		{81C0C5ED-8CB5-4154-802C-EC2EDC40830A}.Debug|Any CPU.Build.0 = Debug|Any CPU
		{81C0C5ED-8CB5-4154-802C-EC2EDC40830A}.Release|Any CPU.ActiveCfg = Release|Any CPU
		{81C0C5ED-8CB5-4154-802C-EC2EDC40830A}.Release|Any CPU.Build.0 = Release|Any CPU
	EndGlobalSection
	GlobalSection(SolutionProperties) = preSolution
		HideSolutionNode = FALSE
	EndGlobalSection
	GlobalSection(NestedProjects) = preSolution
		{6496EE60-087C-4021-A245-3B33D5DA9811} = {6FFC617A-B511-440C-81F9-727241DCA54E}
		{6FFC617A-B511-440C-81F9-727241DCA54E} = {02EA681E-C7D8-13C7-8484-4AC65E1B71E8}
		{12EBE25D-57A5-4F19-8A82-009BE9362658} = {02EA681E-C7D8-13C7-8484-4AC65E1B71E8}
		{116B4AEE-C025-43CE-9473-7EB0C2835BF5} = {12EBE25D-57A5-4F19-8A82-009BE9362658}
		{D870B1E0-4FEB-4B68-B8D2-BDD312F3AB10} = {02EA681E-C7D8-13C7-8484-4AC65E1B71E8}
		{66A5B15E-73F9-4AED-9199-49061A347491} = {D870B1E0-4FEB-4B68-B8D2-BDD312F3AB10}
		{B7A956CF-21A3-46E8-AEA2-BFFDC77D6EB9} = {D870B1E0-4FEB-4B68-B8D2-BDD312F3AB10}
		{442B0332-C2D5-46CD-9BBC-251458C97559} = {12EBE25D-57A5-4F19-8A82-009BE9362658}
		{DF9AB6EF-4D45-43B9-9BEC-0CE142BD72C2} = {12EBE25D-57A5-4F19-8A82-009BE9362658}
		{0D6F4063-B680-42DA-8640-245AE0202CE5} = {12EBE25D-57A5-4F19-8A82-009BE9362658}
		{8CDD52CF-ED58-40F8-A894-F8801E4210D8} = {02EA681E-C7D8-13C7-8484-4AC65E1B71E8}
		{90D309FA-CB94-4DFB-8A89-6362969E67E3} = {02EA681E-C7D8-13C7-8484-4AC65E1B71E8}
		{81C0C5ED-8CB5-4154-802C-EC2EDC40830A} = {90D309FA-CB94-4DFB-8A89-6362969E67E3}
	EndGlobalSection
	GlobalSection(ExtensibilityGlobals) = postSolution
		SolutionGuid = {F6B3D5EC-CEE9-47F5-AA3F-F471B65F40F3}
	EndGlobalSection
EndGlobal
